
Microsoft Visual Studio Solution File, Format Version 12.00
# Visual Studio Version 17
VisualStudioVersion = 17.3.32819.101
MinimumVisualStudioVersion = 10.0.40219.1
Project("{FAE04EC0-301F-11D3-BF4B-00C04F79EFBC}") = "helloworld", "helloworld.csproj", "{B5D66E1E-7A32-432B-9634-11DF1D703391}"
EndProject
Global
	GlobalSection(SolutionConfigurationPlatforms) = preSolution
		Debug|Any CPU = Debug|Any CPU
		Release|Any CPU = Release|Any CPU
	EndGlobalSection
	GlobalSection(ProjectConfigurationPlatforms) = postSolution
		{B5D66E1E-7A32-432B-9634-11DF1D703391}.Debug|Any CPU.ActiveCfg = Debug|Any CPU
		{B5D66E1E-7A32-432B-9634-11DF1D703391}.Debug|Any CPU.Build.0 = Debug|Any CPU
		{B5D66E1E-7A32-432B-9634-11DF1D703391}.Release|Any CPU.ActiveCfg = Release|Any CPU
		{B5D66E1E-7A32-432B-9634-11DF1D703391}.Release|Any CPU.Build.0 = Release|Any CPU
	EndGlobalSection
	GlobalSection(SolutionProperties) = preSolution
		HideSolutionNode = FALSE
	EndGlobalSection
	GlobalSection(ExtensibilityGlobals) = postSolution
		SolutionGuid = {025D35C8-FE2F-4A33-8F91-8E5488ED5A31}
	EndGlobalSection
EndGlobal
